
Microsoft Visual Studio Solution File, Format Version 12.00
# Visual Studio Version 17
VisualStudioVersion = 17.11.35222.181
MinimumVisualStudioVersion = 10.0.40219.1
Project("{FAE04EC0-301F-11D3-BF4B-00C04F79EFBC}") = "Client_Messanger", "Client_Messanger\Client_Messanger.csproj", "{DA3E34D6-EBE2-4489-87DC-63BDB3C55071}"
EndProject
Project("{FAE04EC0-301F-11D3-BF4B-00C04F79EFBC}") = "DataLayer", "DataLayer\DataLayer.csproj", "{6A872283-546C-471D-ABD1-39A06E117DB4}"
EndProject
Project("{FAE04EC0-301F-11D3-BF4B-00C04F79EFBC}") = "AdminWindow", "AdminWindow\AdminWindow.csproj", "{49471967-B2DB-41DD-96D7-9433E2B9F608}"
EndProject
Global
	GlobalSection(SolutionConfigurationPlatforms) = preSolution
		Debug|Any CPU = Debug|Any CPU
		Release|Any CPU = Release|Any CPU
	EndGlobalSection
	GlobalSection(ProjectConfigurationPlatforms) = postSolution
		{DA3E34D6-EBE2-4489-87DC-63BDB3C55071}.Debug|Any CPU.ActiveCfg = Debug|Any CPU
		{DA3E34D6-EBE2-4489-87DC-63BDB3C55071}.Debug|Any CPU.Build.0 = Debug|Any CPU
		{DA3E34D6-EBE2-4489-87DC-63BDB3C55071}.Release|Any CPU.ActiveCfg = Release|Any CPU
		{DA3E34D6-EBE2-4489-87DC-63BDB3C55071}.Release|Any CPU.Build.0 = Release|Any CPU
		{6A872283-546C-471D-ABD1-39A06E117DB4}.Debug|Any CPU.ActiveCfg = Debug|Any CPU
		{6A872283-546C-471D-ABD1-39A06E117DB4}.Debug|Any CPU.Build.0 = Debug|Any CPU
		{6A872283-546C-471D-ABD1-39A06E117DB4}.Release|Any CPU.ActiveCfg = Release|Any CPU
		{6A872283-546C-471D-ABD1-39A06E117DB4}.Release|Any CPU.Build.0 = Release|Any CPU
		{49471967-B2DB-41DD-96D7-9433E2B9F608}.Debug|Any CPU.ActiveCfg = Debug|Any CPU
		{49471967-B2DB-41DD-96D7-9433E2B9F608}.Debug|Any CPU.Build.0 = Debug|Any CPU
		{49471967-B2DB-41DD-96D7-9433E2B9F608}.Release|Any CPU.ActiveCfg = Release|Any CPU
		{49471967-B2DB-41DD-96D7-9433E2B9F608}.Release|Any CPU.Build.0 = Release|Any CPU
	EndGlobalSection
	GlobalSection(SolutionProperties) = preSolution
		HideSolutionNode = FALSE
	EndGlobalSection
	GlobalSection(ExtensibilityGlobals) = postSolution
		SolutionGuid = {EDED77E6-0056-4A48-9B9F-78AAE3658222}
	EndGlobalSection
EndGlobal
